
Microsoft Visual Studio Solution File, Format Version 12.00
Project("{FAE04EC0-301F-11D3-BF4B-00C04F79EFBC}") = "APBD1", "APBD1\APBD1.csproj", "{1AB633D9-BFFF-48CD-B22E-8EC24CE49411}"
EndProject
Global
	GlobalSection(SolutionConfigurationPlatforms) = preSolution
		Debug|Any CPU = Debug|Any CPU
		Release|Any CPU = Release|Any CPU
	EndGlobalSection
	GlobalSection(ProjectConfigurationPlatforms) = postSolution
		{1AB633D9-BFFF-48CD-B22E-8EC24CE49411}.Debug|Any CPU.ActiveCfg = Debug|Any CPU
		{1AB633D9-BFFF-48CD-B22E-8EC24CE49411}.Debug|Any CPU.Build.0 = Debug|Any CPU
		{1AB633D9-BFFF-48CD-B22E-8EC24CE49411}.Release|Any CPU.ActiveCfg = Release|Any CPU
		{1AB633D9-BFFF-48CD-B22E-8EC24CE49411}.Release|Any CPU.Build.0 = Release|Any CPU
	EndGlobalSection
EndGlobal
